
Microsoft Visual Studio Solution File, Format Version 11.00
# Visual Studio 2010
# SharpDevelop 5.1
Project("{FAE04EC0-301F-11D3-BF4B-00C04F79EFBC}") = "COGSPOSTEREXE", "COGSPOSTEREXE\COGSPOSTEREXE.csproj", "{8896438A-35ED-4B19-B548-6D8FE3FC2D76}"
EndProject
Global
	GlobalSection(SolutionConfigurationPlatforms) = preSolution
		Debug|Any CPU = Debug|Any CPU
		Release|Any CPU = Release|Any CPU
	EndGlobalSection
	GlobalSection(ProjectConfigurationPlatforms) = postSolution
		{8896438A-35ED-4B19-B548-6D8FE3FC2D76}.Debug|Any CPU.ActiveCfg = Debug|Any CPU
		{8896438A-35ED-4B19-B548-6D8FE3FC2D76}.Debug|Any CPU.Build.0 = Debug|Any CPU
		{8896438A-35ED-4B19-B548-6D8FE3FC2D76}.Release|Any CPU.ActiveCfg = Release|Any CPU
		{8896438A-35ED-4B19-B548-6D8FE3FC2D76}.Release|Any CPU.Build.0 = Release|Any CPU
	EndGlobalSection
EndGlobal
